
Microsoft Visual Studio Solution File, Format Version 12.00
# Visual Studio Version 17
VisualStudioVersion = 17.11.35327.3
MinimumVisualStudioVersion = 10.0.40219.1
Project("{9A19103F-16F7-4668-BE54-9A1E7A4F7556}") = "TodoApp.API", "TodoApp.API\TodoApp.API.csproj", "{0D263873-E544-4F51-BC16-E3B9850F0C91}"
EndProject
Project("{FAE04EC0-301F-11D3-BF4B-00C04F79EFBC}") = "TodoApp.API.Tests", "TodoApp.API.Tests\TodoApp.API.Tests.csproj", "{CB2654C0-4725-4440-9F11-CDF8291A018D}"
EndProject
Global
	GlobalSection(SolutionConfigurationPlatforms) = preSolution
		Debug|Any CPU = Debug|Any CPU
		Release|Any CPU = Release|Any CPU
	EndGlobalSection
	GlobalSection(ProjectConfigurationPlatforms) = postSolution
		{0D263873-E544-4F51-BC16-E3B9850F0C91}.Debug|Any CPU.ActiveCfg = Debug|Any CPU
		{0D263873-E544-4F51-BC16-E3B9850F0C91}.Debug|Any CPU.Build.0 = Debug|Any CPU
		{0D263873-E544-4F51-BC16-E3B9850F0C91}.Release|Any CPU.ActiveCfg = Release|Any CPU
		{0D263873-E544-4F51-BC16-E3B9850F0C91}.Release|Any CPU.Build.0 = Release|Any CPU
		{CB2654C0-4725-4440-9F11-CDF8291A018D}.Debug|Any CPU.ActiveCfg = Debug|Any CPU
		{CB2654C0-4725-4440-9F11-CDF8291A018D}.Debug|Any CPU.Build.0 = Debug|Any CPU
		{CB2654C0-4725-4440-9F11-CDF8291A018D}.Release|Any CPU.ActiveCfg = Release|Any CPU
		{CB2654C0-4725-4440-9F11-CDF8291A018D}.Release|Any CPU.Build.0 = Release|Any CPU
	EndGlobalSection
	GlobalSection(SolutionProperties) = preSolution
		HideSolutionNode = FALSE
	EndGlobalSection
	GlobalSection(ExtensibilityGlobals) = postSolution
		SolutionGuid = {F0EECFA4-7E13-41E1-9971-EE9053300BE7}
	EndGlobalSection
EndGlobal
